
Microsoft Visual Studio Solution File, Format Version 12.00
# Visual Studio Version 17
VisualStudioVersion = 17.7.34031.279
MinimumVisualStudioVersion = 10.0.40219.1
Project("{FAE04EC0-301F-11D3-BF4B-00C04F79EFBC}") = "20230919_1_GenelAlistirma", "20230919_1_GenelAlistirma\20230919_1_GenelAlistirma.csproj", "{60AEA090-44F5-450D-99D3-D1DDA915299C}"
EndProject
Global
	GlobalSection(SolutionConfigurationPlatforms) = preSolution
		Debug|Any CPU = Debug|Any CPU
		Release|Any CPU = Release|Any CPU
	EndGlobalSection
	GlobalSection(ProjectConfigurationPlatforms) = postSolution
		{60AEA090-44F5-450D-99D3-D1DDA915299C}.Debug|Any CPU.ActiveCfg = Debug|Any CPU
		{60AEA090-44F5-450D-99D3-D1DDA915299C}.Debug|Any CPU.Build.0 = Debug|Any CPU
		{60AEA090-44F5-450D-99D3-D1DDA915299C}.Release|Any CPU.ActiveCfg = Release|Any CPU
		{60AEA090-44F5-450D-99D3-D1DDA915299C}.Release|Any CPU.Build.0 = Release|Any CPU
	EndGlobalSection
	GlobalSection(SolutionProperties) = preSolution
		HideSolutionNode = FALSE
	EndGlobalSection
	GlobalSection(ExtensibilityGlobals) = postSolution
		SolutionGuid = {C4A77478-0F47-4E4D-9768-44A08A087E29}
	EndGlobalSection
EndGlobal
